
Microsoft Visual Studio Solution File, Format Version 12.00
# Visual Studio Version 17
VisualStudioVersion = 17.11.35219.272
MinimumVisualStudioVersion = 10.0.40219.1
Project("{FAE04EC0-301F-11D3-BF4B-00C04F79EFBC}") = "week3 challenges", "week3 challenges\week3 challenges.csproj", "{30A4242E-8947-435A-AFD4-36C36BD78366}"
EndProject
Global
	GlobalSection(SolutionConfigurationPlatforms) = preSolution
		Debug|Any CPU = Debug|Any CPU
		Release|Any CPU = Release|Any CPU
	EndGlobalSection
	GlobalSection(ProjectConfigurationPlatforms) = postSolution
		{30A4242E-8947-435A-AFD4-36C36BD78366}.Debug|Any CPU.ActiveCfg = Debug|Any CPU
		{30A4242E-8947-435A-AFD4-36C36BD78366}.Debug|Any CPU.Build.0 = Debug|Any CPU
		{30A4242E-8947-435A-AFD4-36C36BD78366}.Release|Any CPU.ActiveCfg = Release|Any CPU
		{30A4242E-8947-435A-AFD4-36C36BD78366}.Release|Any CPU.Build.0 = Release|Any CPU
	EndGlobalSection
	GlobalSection(SolutionProperties) = preSolution
		HideSolutionNode = FALSE
	EndGlobalSection
	GlobalSection(ExtensibilityGlobals) = postSolution
		SolutionGuid = {A2BD6E2E-846D-408E-B7EA-6DD5D59BA2B4}
	EndGlobalSection
EndGlobal
